// !$*UTF8*$!
{
	archiveVersion = 1;
	classes = {
	};
	objectVersion = 46;
	objects = {

/* Begin PBXBuildFile section */
		6B9A63E21BBAEDF800192507 /* AppDelegate.swift in Sources */ = {isa = PBXBuildFile; fileRef = 6B9A63E11BBAEDF800192507 /* AppDelegate.swift */; };
		6B9A63E41BBAEDF800192507 /* ViewController.swift in Sources */ = {isa = PBXBuildFile; fileRef = 6B9A63E31BBAEDF800192507 /* ViewController.swift */; };
		6B9A63E71BBAEDF800192507 /* Main.storyboard in Resources */ = {isa = PBXBuildFile; fileRef = 6B9A63E51BBAEDF800192507 /* Main.storyboard */; };
		6B9A63EA1BBAEDF800192507 /* WorkoutTracker.xcdatamodeld in Sources */ = {isa = PBXBuildFile; fileRef = 6B9A63E81BBAEDF800192507 /* WorkoutTracker.xcdatamodeld */; };
		6B9A63EC1BBAEDF800192507 /* Assets.xcassets in Resources */ = {isa = PBXBuildFile; fileRef = 6B9A63EB1BBAEDF800192507 /* Assets.xcassets */; };
		6B9A63EF1BBAEDF800192507 /* LaunchScreen.storyboard in Resources */ = {isa = PBXBuildFile; fileRef = 6B9A63ED1BBAEDF800192507 /* LaunchScreen.storyboard */; };
		6B9A63FA1BBAEDF800192507 /* WorkoutTrackerTests.swift in Sources */ = {isa = PBXBuildFile; fileRef = 6B9A63F91BBAEDF800192507 /* WorkoutTrackerTests.swift */; };
		6B9A64051BBAEDF800192507 /* WorkoutTrackerUITests.swift in Sources */ = {isa = PBXBuildFile; fileRef = 6B9A64041BBAEDF800192507 /* WorkoutTrackerUITests.swift */; };
/* End PBXBuildFile section */

/* Begin PBXContainerItemProxy section */
		6B9A63F61BBAEDF800192507 /* PBXContainerItemProxy */ = {
			isa = PBXContainerItemProxy;
			containerPortal = 6B9A63D61BBAEDF800192507 /* Project object */;
			proxyType = 1;
			remoteGlobalIDString = 6B9A63DD1BBAEDF800192507;
			remoteInfo = WorkoutTracker;
		};
		6B9A64011BBAEDF800192507 /* PBXContainerItemProxy */ = {
			isa = PBXContainerItemProxy;
			containerPortal = 6B9A63D61BBAEDF800192507 /* Project object */;
			proxyType = 1;
			remoteGlobalIDString = 6B9A63DD1BBAEDF800192507;
			remoteInfo = WorkoutTracker;
		};
/* End PBXContainerItemProxy section */

/* Begin PBXFileReference section */
		6B9A63DE1BBAEDF800192507 /* WorkoutTracker.app */ = {isa = PBXFileReference; explicitFileType = wrapper.application; includeInIndex = 0; path = WorkoutTracker.app; sourceTree = BUILT_PRODUCTS_DIR; };
		6B9A63E11BBAEDF800192507 /* AppDelegate.swift */ = {isa = PBXFileReference; lastKnownFileType = sourcecode.swift; path = AppDelegate.swift; sourceTree = "<group>"; };
		6B9A63E31BBAEDF800192507 /* ViewController.swift */ = {isa = PBXFileReference; lastKnownFileType = sourcecode.swift; path = ViewController.swift; sourceTree = "<group>"; };
		6B9A63E61BBAEDF800192507 /* Base */ = {isa = PBXFileReference; lastKnownFileType = file.storyboard; name = Base; path = Base.lproj/Main.storyboard; sourceTree = "<group>"; };
		6B9A63E91BBAEDF800192507 /* WorkoutTracker.xcdatamodel */ = {isa = PBXFileReference; lastKnownFileType = wrapper.xcdatamodel; path = WorkoutTracker.xcdatamodel; sourceTree = "<group>"; };
		6B9A63EB1BBAEDF800192507 /* Assets.xcassets */ = {isa = PBXFileReference; lastKnownFileType = folder.assetcatalog; path = Assets.xcassets; sourceTree = "<group>"; };
		6B9A63EE1BBAEDF800192507 /* Base */ = {isa = PBXFileReference; lastKnownFileType = file.storyboard; name = Base; path = Base.lproj/LaunchScreen.storyboard; sourceTree = "<group>"; };
		6B9A63F01BBAEDF800192507 /* Info.plist */ = {isa = PBXFileReference; lastKnownFileType = text.plist.xml; path = Info.plist; sourceTree = "<group>"; };
		6B9A63F51BBAEDF800192507 /* WorkoutTrackerTests.xctest */ = {isa = PBXFileReference; explicitFileType = wrapper.cfbundle; includeInIndex = 0; path = WorkoutTrackerTests.xctest; sourceTree = BUILT_PRODUCTS_DIR; };
		6B9A63F91BBAEDF800192507 /* WorkoutTrackerTests.swift */ = {isa = PBXFileReference; lastKnownFileType = sourcecode.swift; path = WorkoutTrackerTests.swift; sourceTree = "<group>"; };
		6B9A63FB1BBAEDF800192507 /* Info.plist */ = {isa = PBXFileReference; lastKnownFileType = text.plist.xml; path = Info.plist; sourceTree = "<group>"; };
		6B9A64001BBAEDF800192507 /* WorkoutTrackerUITests.xctest */ = {isa = PBXFileReference; explicitFileType = wrapper.cfbundle; includeInIndex = 0; path = WorkoutTrackerUITests.xctest; sourceTree = BUILT_PRODUCTS_DIR; };
		6B9A64041BBAEDF800192507 /* WorkoutTrackerUITests.swift */ = {isa = PBXFileReference; lastKnownFileType = sourcecode.swift; path = WorkoutTrackerUITests.swift; sourceTree = "<group>"; };
		6B9A64061BBAEDF800192507 /* Info.plist */ = {isa = PBXFileReference; lastKnownFileType = text.plist.xml; path = Info.plist; sourceTree = "<group>"; };
/* End PBXFileReference section */

/* Begin PBXFrameworksBuildPhase section */
		6B9A63DB1BBAEDF800192507 /* Frameworks */ = {
			isa = PBXFrameworksBuildPhase;
			buildActionMask = 2147483647;
			files = (
			);
			runOnlyForDeploymentPostprocessing = 0;
		};
		6B9A63F21BBAEDF800192507 /* Frameworks */ = {
			isa = PBXFrameworksBuildPhase;
			buildActionMask = 2147483647;
			files = (
			);
			runOnlyForDeploymentPostprocessing = 0;
		};
		6B9A63FD1BBAEDF800192507 /* Frameworks */ = {
			isa = PBXFrameworksBuildPhase;
			buildActionMask = 2147483647;
			files = (
			);
			runOnlyForDeploymentPostprocessing = 0;
		};
/* End PBXFrameworksBuildPhase section */

/* Begin PBXGroup section */
		6B9A63D51BBAEDF800192507 = {
			isa = PBXGroup;
			children = (
				6B9A63E01BBAEDF800192507 /* WorkoutTracker */,
				6B9A63F81BBAEDF800192507 /* WorkoutTrackerTests */,
				6B9A64031BBAEDF800192507 /* WorkoutTrackerUITests */,
				6B9A63DF1BBAEDF800192507 /* Products */,
			);
			sourceTree = "<group>";
		};
		6B9A63DF1BBAEDF800192507 /* Products */ = {
			isa = PBXGroup;
			children = (
				6B9A63DE1BBAEDF800192507 /* WorkoutTracker.app */,
				6B9A63F51BBAEDF800192507 /* WorkoutTrackerTests.xctest */,
				6B9A64001BBAEDF800192507 /* WorkoutTrackerUITests.xctest */,
			);
			name = Products;
			sourceTree = "<group>";
		};
		6B9A63E01BBAEDF800192507 /* WorkoutTracker */ = {
			isa = PBXGroup;
			children = (
				6B9A63E11BBAEDF800192507 /* AppDelegate.swift */,
				6B9A63E31BBAEDF800192507 /* ViewController.swift */,
				6B9A63E51BBAEDF800192507 /* Main.storyboard */,
				6B9A63EB1BBAEDF800192507 /* Assets.xcassets */,
				6B9A63ED1BBAEDF800192507 /* LaunchScreen.storyboard */,
				6B9A63F01BBAEDF800192507 /* Info.plist */,
				6B9A63E81BBAEDF800192507 /* WorkoutTracker.xcdatamodeld */,
			);
			path = WorkoutTracker;
			sourceTree = "<group>";
		};
		6B9A63F81BBAEDF800192507 /* WorkoutTrackerTests */ = {
			isa = PBXGroup;
			children = (
				6B9A63F91BBAEDF800192507 /* WorkoutTrackerTests.swift */,
				6B9A63FB1BBAEDF800192507 /* Info.plist */,
			);
			path = WorkoutTrackerTests;
			sourceTree = "<group>";
		};
		6B9A64031BBAEDF800192507 /* WorkoutTrackerUITests */ = {
			isa = PBXGroup;
			children = (
				6B9A64041BBAEDF800192507 /* WorkoutTrackerUITests.swift */,
				6B9A64061BBAEDF800192507 /* Info.plist */,
			);
			path = WorkoutTrackerUITests;
			sourceTree = "<group>";
		};
/* End PBXGroup section */

/* Begin PBXNativeTarget section */
		6B9A63DD1BBAEDF800192507 /* WorkoutTracker */ = {
			isa = PBXNativeTarget;
			buildConfigurationList = 6B9A64091BBAEDF800192507 /* Build configuration list for PBXNativeTarget "WorkoutTracker" */;
			buildPhases = (
				6B9A63DA1BBAEDF800192507 /* Sources */,
				6B9A63DB1BBAEDF800192507 /* Frameworks */,
				6B9A63DC1BBAEDF800192507 /* Resources */,
			);
			buildRules = (
			);
			dependencies = (
			);
			name = WorkoutTracker;
			productName = WorkoutTracker;
			productReference = 6B9A63DE1BBAEDF800192507 /* WorkoutTracker.app */;
			productType = "com.apple.product-type.application";
		};
		6B9A63F41BBAEDF800192507 /* WorkoutTrackerTests */ = {
			isa = PBXNativeTarget;
			buildConfigurationList = 6B9A640C1BBAEDF800192507 /* Build configuration list for PBXNativeTarget "WorkoutTrackerTests" */;
			buildPhases = (
				6B9A63F11BBAEDF800192507 /* Sources */,
				6B9A63F21BBAEDF800192507 /* Frameworks */,
				6B9A63F31BBAEDF800192507 /* Resources */,
			);
			buildRules = (
			);
			dependencies = (
				6B9A63F71BBAEDF800192507 /* PBXTargetDependency */,
			);
			name = WorkoutTrackerTests;
			productName = WorkoutTrackerTests;
			productReference = 6B9A63F51BBAEDF800192507 /* WorkoutTrackerTests.xctest */;
			productType = "com.apple.product-type.bundle.unit-test";
		};
		6B9A63FF1BBAEDF800192507 /* WorkoutTrackerUITests */ = {
			isa = PBXNativeTarget;
			buildConfigurationList = 6B9A640F1BBAEDF800192507 /* Build configuration list for PBXNativeTarget "WorkoutTrackerUITests" */;
			buildPhases = (
				6B9A63FC1BBAEDF800192507 /* Sources */,
				6B9A63FD1BBAEDF800192507 /* Frameworks */,
				6B9A63FE1BBAEDF800192507 /* Resources */,
			);
			buildRules = (
			);
			dependencies = (
				6B9A64021BBAEDF800192507 /* PBXTargetDependency */,
			);
			name = WorkoutTrackerUITests;
			productName = WorkoutTrackerUITests;
			productReference = 6B9A64001BBAEDF800192507 /* WorkoutTrackerUITests.xctest */;
			productType = "com.apple.product-type.bundle.ui-testing";
		};
/* End PBXNativeTarget section */

/* Begin PBXProject section */
		6B9A63D61BBAEDF800192507 /* Project object */ = {
			isa = PBXProject;
			attributes = {
				LastUpgradeCheck = 0700;
				ORGANIZATIONNAME = "Koctya Bondar";
				TargetAttributes = {
					6B9A63DD1BBAEDF800192507 = {
						CreatedOnToolsVersion = 7.0;
					};
					6B9A63F41BBAEDF800192507 = {
						CreatedOnToolsVersion = 7.0;
						TestTargetID = 6B9A63DD1BBAEDF800192507;
					};
					6B9A63FF1BBAEDF800192507 = {
						CreatedOnToolsVersion = 7.0;
						TestTargetID = 6B9A63DD1BBAEDF800192507;
					};
				};
			};
			buildConfigurationList = 6B9A63D91BBAEDF800192507 /* Build configuration list for PBXProject "WorkoutTracker" */;
			compatibilityVersion = "Xcode 3.2";
			developmentRegion = English;
			hasScannedForEncodings = 0;
			knownRegions = (
				en,
				Base,
			);
			mainGroup = 6B9A63D51BBAEDF800192507;
			productRefGroup = 6B9A63DF1BBAEDF800192507 /* Products */;
			projectDirPath = "";
			projectRoot = "";
			targets = (
				6B9A63DD1BBAEDF800192507 /* WorkoutTracker */,
				6B9A63F41BBAEDF800192507 /* WorkoutTrackerTests */,
				6B9A63FF1BBAEDF800192507 /* WorkoutTrackerUITests */,
			);
		};
/* End PBXProject section */

/* Begin PBXResourcesBuildPhase section */
		6B9A63DC1BBAEDF800192507 /* Resources */ = {
			isa = PBXResourcesBuildPhase;
			buildActionMask = 2147483647;
			files = (
				6B9A63EF1BBAEDF800192507 /* LaunchScreen.storyboard in Resources */,
				6B9A63EC1BBAEDF800192507 /* Assets.xcassets in Resources */,
				6B9A63E71BBAEDF800192507 /* Main.storyboard in Resources */,
			);
			runOnlyForDeploymentPostprocessing = 0;
		};
		6B9A63F31BBAEDF800192507 /* Resources */ = {
			isa = PBXResourcesBuildPhase;
			buildActionMask = 2147483647;
			files = (
			);
			runOnlyForDeploymentPostprocessing = 0;
		};
		6B9A63FE1BBAEDF800192507 /* Resources */ = {
			isa = PBXResourcesBuildPhase;
			buildActionMask = 2147483647;
			files = (
			);
			runOnlyForDeploymentPostprocessing = 0;
		};
/* End PBXResourcesBuildPhase section */

/* Begin PBXSourcesBuildPhase section */
		6B9A63DA1BBAEDF800192507 /* Sources */ = {
			isa = PBXSourcesBuildPhase;
			buildActionMask = 2147483647;
			files = (
				6B9A63E41BBAEDF800192507 /* ViewController.swift in Sources */,
				6B9A63EA1BBAEDF800192507 /* WorkoutTracker.xcdatamodeld in Sources */,
				6B9A63E21BBAEDF800192507 /* AppDelegate.swift in Sources */,
			);
			runOnlyForDeploymentPostprocessing = 0;
		};
		6B9A63F11BBAEDF800192507 /* Sources */ = {
			isa = PBXSourcesBuildPhase;
			buildActionMask = 2147483647;
			files = (
				6B9A63FA1BBAEDF800192507 /* WorkoutTrackerTests.swift in Sources */,
			);
			runOnlyForDeploymentPostprocessing = 0;
		};
		6B9A63FC1BBAEDF800192507 /* Sources */ = {
			isa = PBXSourcesBuildPhase;
			buildActionMask = 2147483647;
			files = (
				6B9A64051BBAEDF800192507 /* WorkoutTrackerUITests.swift in Sources */,
			);
			runOnlyForDeploymentPostprocessing = 0;
		};
/* End PBXSourcesBuildPhase section */

/* Begin PBXTargetDependency section */
		6B9A63F71BBAEDF800192507 /* PBXTargetDependency */ = {
			isa = PBXTargetDependency;
			target = 6B9A63DD1BBAEDF800192507 /* WorkoutTracker */;
			targetProxy = 6B9A63F61BBAEDF800192507 /* PBXContainerItemProxy */;
		};
		6B9A64021BBAEDF800192507 /* PBXTargetDependency */ = {
			isa = PBXTargetDependency;
			target = 6B9A63DD1BBAEDF800192507 /* WorkoutTracker */;
			targetProxy = 6B9A64011BBAEDF800192507 /* PBXContainerItemProxy */;
		};
/* End PBXTargetDependency section */

/* Begin PBXVariantGroup section */
		6B9A63E51BBAEDF800192507 /* Main.storyboard */ = {
			isa = PBXVariantGroup;
			children = (
				6B9A63E61BBAEDF800192507 /* Base */,
			);
			name = Main.storyboard;
			sourceTree = "<group>";
		};
		6B9A63ED1BBAEDF800192507 /* LaunchScreen.storyboard */ = {
			isa = PBXVariantGroup;
			children = (
				6B9A63EE1BBAEDF800192507 /* Base */,
			);
			name = LaunchScreen.storyboard;
			sourceTree = "<group>";
		};
/* End PBXVariantGroup section */

/* Begin XCBuildConfiguration section */
		6B9A64071BBAEDF800192507 /* Debug */ = {
			isa = XCBuildConfiguration;
			buildSettings = {
				ALWAYS_SEARCH_USER_PATHS = NO;
				CLANG_CXX_LANGUAGE_STANDARD = "gnu++0x";
				CLANG_CXX_LIBRARY = "libc++";
				CLANG_ENABLE_MODULES = YES;
				CLANG_ENABLE_OBJC_ARC = YES;
				CLANG_WARN_BOOL_CONVERSION = YES;
				CLANG_WARN_CONSTANT_CONVERSION = YES;
				CLANG_WARN_DIRECT_OBJC_ISA_USAGE = YES_ERROR;
				CLANG_WARN_EMPTY_BODY = YES;
				CLANG_WARN_ENUM_CONVERSION = YES;
				CLANG_WARN_INT_CONVERSION = YES;
				CLANG_WARN_OBJC_ROOT_CLASS = YES_ERROR;
				CLANG_WARN_UNREACHABLE_CODE = YES;
				CLANG_WARN__DUPLICATE_METHOD_MATCH = YES;
				"CODE_SIGN_IDENTITY[sdk=iphoneos*]" = "iPhone Developer";
				COPY_PHASE_STRIP = NO;
				DEBUG_INFORMATION_FORMAT = dwarf;
				ENABLE_STRICT_OBJC_MSGSEND = YES;
				ENABLE_TESTABILITY = YES;
				GCC_C_LANGUAGE_STANDARD = gnu99;
				GCC_DYNAMIC_NO_PIC = NO;
				GCC_NO_COMMON_BLOCKS = YES;
				GCC_OPTIMIZATION_LEVEL = 0;
				GCC_PREPROCESSOR_DEFINITIONS = (
					"DEBUG=1",
					"$(inherited)",
				);
				GCC_WARN_64_TO_32_BIT_CONVERSION = YES;
				GCC_WARN_ABOUT_RETURN_TYPE = YES_ERROR;
				GCC_WARN_UNDECLARED_SELECTOR = YES;
				GCC_WARN_UNINITIALIZED_AUTOS = YES_AGGRESSIVE;
				GCC_WARN_UNUSED_FUNCTION = YES;
				GCC_WARN_UNUSED_VARIABLE = YES;
				IPHONEOS_DEPLOYMENT_TARGET = 9.0;
				MTL_ENABLE_DEBUG_INFO = YES;
				ONLY_ACTIVE_ARCH = YES;
				SDKROOT = iphoneos;
				SWIFT_OPTIMIZATION_LEVEL = "-Onone";
			};
			name = Debug;
		};
		6B9A64081BBAEDF800192507 /* Release */ = {
			isa = XCBuildConfiguration;
			buildSettings = {
				ALWAYS_SEARCH_USER_PATHS = NO;
				CLANG_CXX_LANGUAGE_STANDARD = "gnu++0x";
				CLANG_CXX_LIBRARY = "libc++";
				CLANG_ENABLE_MODULES = YES;
				CLANG_ENABLE_OBJC_ARC = YES;
				CLANG_WARN_BOOL_CONVERSION = YES;
				CLANG_WARN_CONSTANT_CONVERSION = YES;
				CLANG_WARN_DIRECT_OBJC_ISA_USAGE = YES_ERROR;
				CLANG_WARN_EMPTY_BODY = YES;
				CLANG_WARN_ENUM_CONVERSION = YES;
				CLANG_WARN_INT_CONVERSION = YES;
				CLANG_WARN_OBJC_ROOT_CLASS = YES_ERROR;
				CLANG_WARN_UNREACHABLE_CODE = YES;
				CLANG_WARN__DUPLICATE_METHOD_MATCH = YES;
				"CODE_SIGN_IDENTITY[sdk=iphoneos*]" = "iPhone Developer";
				COPY_PHASE_STRIP = NO;
				DEBUG_INFORMATION_FORMAT = "dwarf-with-dsym";
				ENABLE_NS_ASSERTIONS = NO;
				ENABLE_STRICT_OBJC_MSGSEND = YES;
				GCC_C_LANGUAGE_STANDARD = gnu99;
				GCC_NO_COMMON_BLOCKS = YES;
				GCC_WARN_64_TO_32_BIT_CONVERSION = YES;
				GCC_WARN_ABOUT_RETURN_TYPE = YES_ERROR;
				GCC_WARN_UNDECLARED_SELECTOR = YES;
				GCC_WARN_UNINITIALIZED_AUTOS = YES_AGGRESSIVE;
				GCC_WARN_UNUSED_FUNCTION = YES;
				GCC_WARN_UNUSED_VARIABLE = YES;
				IPHONEOS_DEPLOYMENT_TARGET = 9.0;
				MTL_ENABLE_DEBUG_INFO = NO;
				SDKROOT = iphoneos;
				VALIDATE_PRODUCT = YES;
			};
			name = Release;
		};
		6B9A640A1BBAEDF800192507 /* Debug */ = {
			isa = XCBuildConfiguration;
			buildSettings = {
				ASSETCATALOG_COMPILER_APPICON_NAME = AppIcon;
				INFOPLIST_FILE = WorkoutTracker/Info.plist;
				LD_RUNPATH_SEARCH_PATHS = "$(inherited) @executable_path/Frameworks";
				PRODUCT_BUNDLE_IDENTIFIER = com.innovecs.WorkoutTracker;
				PRODUCT_NAME = "$(TARGET_NAME)";
			};
			name = Debug;
		};
		6B9A640B1BBAEDF800192507 /* Release */ = {
			isa = XCBuildConfiguration;
			buildSettings = {
				ASSETCATALOG_COMPILER_APPICON_NAME = AppIcon;
				INFOPLIST_FILE = WorkoutTracker/Info.plist;
				LD_RUNPATH_SEARCH_PATHS = "$(inherited) @executable_path/Frameworks";
				PRODUCT_BUNDLE_IDENTIFIER = com.innovecs.WorkoutTracker;
				PRODUCT_NAME = "$(TARGET_NAME)";
			};
			name = Release;
		};
		6B9A640D1BBAEDF800192507 /* Debug */ = {
			isa = XCBuildConfiguration;
			buildSettings = {
				BUNDLE_LOADER = "$(TEST_HOST)";
				INFOPLIST_FILE = WorkoutTrackerTests/Info.plist;
				LD_RUNPATH_SEARCH_PATHS = "$(inherited) @executable_path/Frameworks @loader_path/Frameworks";
				PRODUCT_BUNDLE_IDENTIFIER = com.innovecs.WorkoutTrackerTests;
				PRODUCT_NAME = "$(TARGET_NAME)";
				TEST_HOST = "$(BUILT_PRODUCTS_DIR)/WorkoutTracker.app/WorkoutTracker";
			};
			name = Debug;
		};
		6B9A640E1BBAEDF800192507 /* Release */ = {
			isa = XCBuildConfiguration;
			buildSettings = {
				BUNDLE_LOADER = "$(TEST_HOST)";
				INFOPLIST_FILE = WorkoutTrackerTests/Info.plist;
				LD_RUNPATH_SEARCH_PATHS = "$(inherited) @executable_path/Frameworks @loader_path/Frameworks";
				PRODUCT_BUNDLE_IDENTIFIER = com.innovecs.WorkoutTrackerTests;
				PRODUCT_NAME = "$(TARGET_NAME)";
				TEST_HOST = "$(BUILT_PRODUCTS_DIR)/WorkoutTracker.app/WorkoutTracker";
			};
			name = Release;
		};
		6B9A64101BBAEDF800192507 /* Debug */ = {
			isa = XCBuildConfiguration;
			buildSettings = {
				INFOPLIST_FILE = WorkoutTrackerUITests/Info.plist;
				LD_RUNPATH_SEARCH_PATHS = "$(inherited) @executable_path/Frameworks @loader_path/Frameworks";
				PRODUCT_BUNDLE_IDENTIFIER = com.innovecs.WorkoutTrackerUITests;
				PRODUCT_NAME = "$(TARGET_NAME)";
				TEST_TARGET_NAME = WorkoutTracker;
				USES_XCTRUNNER = YES;
			};
			name = Debug;
		};
		6B9A64111BBAEDF800192507 /* Release */ = {
			isa = XCBuildConfiguration;
			buildSettings = {
				INFOPLIST_FILE = WorkoutTrackerUITests/Info.plist;
				LD_RUNPATH_SEARCH_PATHS = "$(inherited) @executable_path/Frameworks @loader_path/Frameworks";
				PRODUCT_BUNDLE_IDENTIFIER = com.innovecs.WorkoutTrackerUITests;
				PRODUCT_NAME = "$(TARGET_NAME)";
				TEST_TARGET_NAME = WorkoutTracker;
				USES_XCTRUNNER = YES;
			};
			name = Release;
		};
/* End XCBuildConfiguration section */

/* Begin XCConfigurationList section */
		6B9A63D91BBAEDF800192507 /* Build configuration list for PBXProject "WorkoutTracker" */ = {
			isa = XCConfigurationList;
			buildConfigurations = (
				6B9A64071BBAEDF800192507 /* Debug */,
				6B9A64081BBAEDF800192507 /* Release */,
			);
			defaultConfigurationIsVisible = 0;
			defaultConfigurationName = Release;
		};
		6B9A64091BBAEDF800192507 /* Build configuration list for PBXNativeTarget "WorkoutTracker" */ = {
			isa = XCConfigurationList;
			buildConfigurations = (
				6B9A640A1BBAEDF800192507 /* Debug */,
				6B9A640B1BBAEDF800192507 /* Release */,
			);
			defaultConfigurationIsVisible = 0;
		};
		6B9A640C1BBAEDF800192507 /* Build configuration list for PBXNativeTarget "WorkoutTrackerTests" */ = {
			isa = XCConfigurationList;
			buildConfigurations = (
				6B9A640D1BBAEDF800192507 /* Debug */,
				6B9A640E1BBAEDF800192507 /* Release */,
			);
			defaultConfigurationIsVisible = 0;
		};
		6B9A640F1BBAEDF800192507 /* Build configuration list for PBXNativeTarget "WorkoutTrackerUITests" */ = {
			isa = XCConfigurationList;
			buildConfigurations = (
				6B9A64101BBAEDF800192507 /* Debug */,
				6B9A64111BBAEDF800192507 /* Release */,
			);
			defaultConfigurationIsVisible = 0;
		};
/* End XCConfigurationList section */

/* Begin XCVersionGroup section */
		6B9A63E81BBAEDF800192507 /* WorkoutTracker.xcdatamodeld */ = {
			isa = XCVersionGroup;
			children = (
				6B9A63E91BBAEDF800192507 /* WorkoutTracker.xcdatamodel */,
			);
			currentVersion = 6B9A63E91BBAEDF800192507 /* WorkoutTracker.xcdatamodel */;
			path = WorkoutTracker.xcdatamodeld;
			sourceTree = "<group>";
			versionGroupType = wrapper.xcdatamodel;
		};
/* End XCVersionGroup section */
	};
	rootObject = 6B9A63D61BBAEDF800192507 /* Project object */;
}
